
Microsoft Visual Studio Solution File, Format Version 12.00
# Visual Studio Version 16
VisualStudioVersion = 25.0.1703.4
MinimumVisualStudioVersion = 10.0.40219.1
Project("{FAE04EC0-301F-11D3-BF4B-00C04F79EFBC}") = "Week9Lists", "Week9Lists\Week9Lists.csproj", "{4A9CDBA1-FA9E-42B1-AB1D-260683AE07B5}"
EndProject
Global
	GlobalSection(SolutionConfigurationPlatforms) = preSolution
		Debug|Any CPU = Debug|Any CPU
		Release|Any CPU = Release|Any CPU
	EndGlobalSection
	GlobalSection(ProjectConfigurationPlatforms) = postSolution
		{4A9CDBA1-FA9E-42B1-AB1D-260683AE07B5}.Debug|Any CPU.ActiveCfg = Debug|Any CPU
		{4A9CDBA1-FA9E-42B1-AB1D-260683AE07B5}.Debug|Any CPU.Build.0 = Debug|Any CPU
		{4A9CDBA1-FA9E-42B1-AB1D-260683AE07B5}.Release|Any CPU.ActiveCfg = Release|Any CPU
		{4A9CDBA1-FA9E-42B1-AB1D-260683AE07B5}.Release|Any CPU.Build.0 = Release|Any CPU
	EndGlobalSection
	GlobalSection(SolutionProperties) = preSolution
		HideSolutionNode = FALSE
	EndGlobalSection
	GlobalSection(ExtensibilityGlobals) = postSolution
		SolutionGuid = {C201C0BE-4480-4DB9-BEC2-D02CFC51A10D}
	EndGlobalSection
EndGlobal
